PODS:
  - Capacitor (6.1.1):
    - CapacitorCordova
  - CapacitorApp (6.0.0):
    - Capacitor
  - CapacitorCamera (6.1.0):
    - Capacitor
  - CapacitorClipboard (6.0.1):
    - Capacitor
  - CapacitorCommunityAdmob (7.0.3):
    - Capacitor
    - Google-Mobile-Ads-SDK (= 11.3.0)
    - GoogleUserMessagingPlatform (< 3.0.0, >= 2.7.0)
  - CapacitorCommunityAppleSignIn (6.0.0):
    - Capacitor
  - CapacitorCommunityInAppReview (6.0.0):
    - Capacitor
  - CapacitorCordova (6.1.1)
  - CapacitorDevice (6.0.1):
    - Capacitor
  - CapacitorHaptics (6.0.1):
    - Capacitor
  - CapacitorKeyboard (6.0.1):
    - Capacitor
  - CapacitorPushNotifications (6.0.2):
    - Capacitor
  - CapacitorScreenReader (6.0.2):
    - Capacitor
  - CapacitorShare (6.0.2):
    - Capacitor
  - CapacitorStatusBar (6.0.0):
    - Capacitor
  - CapacitorVoiceRecorder (6.0.3):
    - Capacitor
  - CordovaPlugins (6.1.1):
    - CapacitorCordova
  - Google-Mobile-Ads-SDK (11.3.0):
    - GoogleUserMessagingPlatform (>= 1.1)
  - GoogleUserMessagingPlatform (2.7.0)

DEPENDENCIES:
  - "Capacitor (from `../../node_modules/@capacitor/ios`)"
  - "CapacitorApp (from `../../node_modules/@capacitor/app`)"
  - "CapacitorCamera (from `../../node_modules/@capacitor/camera`)"
  - "CapacitorClipboard (from `../../node_modules/@capacitor/clipboard`)"
  - "CapacitorCommunityAdmob (from `../../node_modules/@capacitor-community/admob`)"
  - "CapacitorCommunityAppleSignIn (from `../../node_modules/@capacitor-community/apple-sign-in`)"
  - "CapacitorCommunityInAppReview (from `../../node_modules/@capacitor-community/in-app-review`)"
  - "CapacitorCordova (from `../../node_modules/@capacitor/ios`)"
  - "CapacitorDevice (from `../../node_modules/@capacitor/device`)"
  - "CapacitorHaptics (from `../../node_modules/@capacitor/haptics`)"
  - "CapacitorKeyboard (from `../../node_modules/@capacitor/keyboard`)"
  - "CapacitorPushNotifications (from `../../node_modules/@capacitor/push-notifications`)"
  - "CapacitorScreenReader (from `../../node_modules/@capacitor/screen-reader`)"
  - "CapacitorShare (from `../../node_modules/@capacitor/share`)"
  - "CapacitorStatusBar (from `../../node_modules/@capacitor/status-bar`)"
  - CapacitorVoiceRecorder (from `../../node_modules/capacitor-voice-recorder`)
  - CordovaPlugins (from `../capacitor-cordova-ios-plugins`)

SPEC REPOS:
  trunk:
    - Google-Mobile-Ads-SDK
    - GoogleUserMessagingPlatform

EXTERNAL SOURCES:
  Capacitor:
    :path: "../../node_modules/@capacitor/ios"
  CapacitorApp:
    :path: "../../node_modules/@capacitor/app"
  CapacitorCamera:
    :path: "../../node_modules/@capacitor/camera"
  CapacitorClipboard:
    :path: "../../node_modules/@capacitor/clipboard"
  CapacitorCommunityAdmob:
    :path: "../../node_modules/@capacitor-community/admob"
  CapacitorCommunityAppleSignIn:
    :path: "../../node_modules/@capacitor-community/apple-sign-in"
  CapacitorCommunityInAppReview:
    :path: "../../node_modules/@capacitor-community/in-app-review"
  CapacitorCordova:
    :path: "../../node_modules/@capacitor/ios"
  CapacitorDevice:
    :path: "../../node_modules/@capacitor/device"
  CapacitorHaptics:
    :path: "../../node_modules/@capacitor/haptics"
  CapacitorKeyboard:
    :path: "../../node_modules/@capacitor/keyboard"
  CapacitorPushNotifications:
    :path: "../../node_modules/@capacitor/push-notifications"
  CapacitorScreenReader:
    :path: "../../node_modules/@capacitor/screen-reader"
  CapacitorShare:
    :path: "../../node_modules/@capacitor/share"
  CapacitorStatusBar:
    :path: "../../node_modules/@capacitor/status-bar"
  CapacitorVoiceRecorder:
    :path: "../../node_modules/capacitor-voice-recorder"
  CordovaPlugins:
    :path: "../capacitor-cordova-ios-plugins"

SPEC CHECKSUMS:
  Capacitor: 7b38922425a542e0b5936c8f72ea89d876dd4df1
  CapacitorApp: 30145f2ea2311e4f3744472119ec87d2ddf4c0a7
  CapacitorCamera: c2924acc75205066d2282b799a31f6eab35a28a1
  CapacitorClipboard: 0ceeee488e55bef7cced5c8097d97f330c109f61
  CapacitorCommunityAdmob: 310beff216a3470b2c85b1fccd99d2a6815e1ef7
  CapacitorCommunityAppleSignIn: c9c2541ee7580618055a91b3516c3f0313fe2544
  CapacitorCommunityInAppReview: e5c93959637a956ce993134734d7df90390ea167
  CapacitorCordova: 8f2cc8d8d3619c566e9418fe8772064a94266106
  CapacitorDevice: da1884f895e17992648b27f6c8ee2be72cd0ce2e
  CapacitorHaptics: 05d33e20e394b1977dfd2a00a2621e04098164c1
  CapacitorKeyboard: f38d730356be5569d72eb87ad9c8166947728c36
  CapacitorPushNotifications: 88f40c5f06dfe54f2c0619173e11ecbff8661a2f
  CapacitorScreenReader: a603caab8d98962fd0f1669379b937426ba8b65d
  CapacitorShare: 5d49f1b220e991372b4d5d34be9a6080a042bae4
  CapacitorStatusBar: 129c68650d3f950e080e8e7e03d69c3b361dbe52
  CapacitorVoiceRecorder: 27c4c998c2280571d853579f319f6f53f884bdee
  CordovaPlugins: d0a80a067352fe02acca1d370d0f4304e72232ca
  Google-Mobile-Ads-SDK: 301a16c461c331ba34ff4dab40a22ab7c147af61
  GoogleUserMessagingPlatform: a8b56893477f67212fbc8411c139e61d463349f5

PODFILE CHECKSUM: 87dd6da0b445955a8a8f7461b47ae2d0a13b86aa

COCOAPODS: 1.16.2
